// !$*UTF8*$!
{
	archiveVersion = 1;
	classes = {
	};
	objectVersion = 46;
	objects = {

/* Begin PBXBuildFile section */
		B6E7E50F1BE7E74100BD367B /* AppDelegate.swift in Sources */ = {isa = PBXBuildFile; fileRef = B6E7E50E1BE7E74100BD367B /* AppDelegate.swift */; };
		B6E7E5141BE7E74100BD367B /* Main.storyboard in Resources */ = {isa = PBXBuildFile; fileRef = B6E7E5121BE7E74100BD367B /* Main.storyboard */; };
		B6E7E5161BE7E74100BD367B /* Assets.xcassets in Resources */ = {isa = PBXBuildFile; fileRef = B6E7E5151BE7E74100BD367B /* Assets.xcassets */; };
		B6E7E5191BE7E74100BD367B /* LaunchScreen.storyboard in Resources */ = {isa = PBXBuildFile; fileRef = B6E7E5171BE7E74100BD367B /* LaunchScreen.storyboard */; };
		B6E7E5241BE7E74100BD367B /* KindlingTests.swift in Sources */ = {isa = PBXBuildFile; fileRef = B6E7E5231BE7E74100BD367B /* KindlingTests.swift */; };
		B6E7E52F1BE7E74100BD367B /* KindlingUITests.swift in Sources */ = {isa = PBXBuildFile; fileRef = B6E7E52E1BE7E74100BD367B /* KindlingUITests.swift */; };
		B6E7E53E1BE7E8EA00BD367B /* RootPresentationViewController.swift in Sources */ = {isa = PBXBuildFile; fileRef = B6E7E53D1BE7E8EA00BD367B /* RootPresentationViewController.swift */; settings = {ASSET_TAGS = (); }; };
		B6E7E5401BE7EBA200BD367B /* CardViewController.swift in Sources */ = {isa = PBXBuildFile; fileRef = B6E7E53F1BE7EBA200BD367B /* CardViewController.swift */; settings = {ASSET_TAGS = (); }; };
		B6E7E5421BE7F4C900BD367B /* RoundedImageView.swift in Sources */ = {isa = PBXBuildFile; fileRef = B6E7E5411BE7F4C900BD367B /* RoundedImageView.swift */; settings = {ASSET_TAGS = (); }; };
/* End PBXBuildFile section */

/* Begin PBXContainerItemProxy section */
		B6E7E5201BE7E74100BD367B /* PBXContainerItemProxy */ = {
			isa = PBXContainerItemProxy;
			containerPortal = B6E7E5031BE7E74100BD367B /* Project object */;
			proxyType = 1;
			remoteGlobalIDString = B6E7E50A1BE7E74100BD367B;
			remoteInfo = Kindling;
		};
		B6E7E52B1BE7E74100BD367B /* PBXContainerItemProxy */ = {
			isa = PBXContainerItemProxy;
			containerPortal = B6E7E5031BE7E74100BD367B /* Project object */;
			proxyType = 1;
			remoteGlobalIDString = B6E7E50A1BE7E74100BD367B;
			remoteInfo = Kindling;
		};
/* End PBXContainerItemProxy section */

/* Begin PBXFileReference section */
		B6E7E50B1BE7E74100BD367B /* Kindling.app */ = {isa = PBXFileReference; explicitFileType = wrapper.application; includeInIndex = 0; path = Kindling.app; sourceTree = BUILT_PRODUCTS_DIR; };
		B6E7E50E1BE7E74100BD367B /* AppDelegate.swift */ = {isa = PBXFileReference; lastKnownFileType = sourcecode.swift; path = AppDelegate.swift; sourceTree = "<group>"; };
		B6E7E5131BE7E74100BD367B /* Base */ = {isa = PBXFileReference; lastKnownFileType = file.storyboard; name = Base; path = Base.lproj/Main.storyboard; sourceTree = "<group>"; };
		B6E7E5151BE7E74100BD367B /* Assets.xcassets */ = {isa = PBXFileReference; lastKnownFileType = folder.assetcatalog; path = Assets.xcassets; sourceTree = "<group>"; };
		B6E7E5181BE7E74100BD367B /* Base */ = {isa = PBXFileReference; lastKnownFileType = file.storyboard; name = Base; path = Base.lproj/LaunchScreen.storyboard; sourceTree = "<group>"; };
		B6E7E51A1BE7E74100BD367B /* Info.plist */ = {isa = PBXFileReference; lastKnownFileType = text.plist.xml; path = Info.plist; sourceTree = "<group>"; };
		B6E7E51F1BE7E74100BD367B /* KindlingTests.xctest */ = {isa = PBXFileReference; explicitFileType = wrapper.cfbundle; includeInIndex = 0; path = KindlingTests.xctest; sourceTree = BUILT_PRODUCTS_DIR; };
		B6E7E5231BE7E74100BD367B /* KindlingTests.swift */ = {isa = PBXFileReference; lastKnownFileType = sourcecode.swift; path = KindlingTests.swift; sourceTree = "<group>"; };
		B6E7E5251BE7E74100BD367B /* Info.plist */ = {isa = PBXFileReference; lastKnownFileType = text.plist.xml; path = Info.plist; sourceTree = "<group>"; };
		B6E7E52A1BE7E74100BD367B /* KindlingUITests.xctest */ = {isa = PBXFileReference; explicitFileType = wrapper.cfbundle; includeInIndex = 0; path = KindlingUITests.xctest; sourceTree = BUILT_PRODUCTS_DIR; };
		B6E7E52E1BE7E74100BD367B /* KindlingUITests.swift */ = {isa = PBXFileReference; lastKnownFileType = sourcecode.swift; path = KindlingUITests.swift; sourceTree = "<group>"; };
		B6E7E5301BE7E74100BD367B /* Info.plist */ = {isa = PBXFileReference; lastKnownFileType = text.plist.xml; path = Info.plist; sourceTree = "<group>"; };
		B6E7E53D1BE7E8EA00BD367B /* RootPresentationViewController.swift */ = {isa = PBXFileReference; fileEncoding = 4; lastKnownFileType = sourcecode.swift; path = RootPresentationViewController.swift; sourceTree = "<group>"; };
		B6E7E53F1BE7EBA200BD367B /* CardViewController.swift */ = {isa = PBXFileReference; fileEncoding = 4; lastKnownFileType = sourcecode.swift; path = CardViewController.swift; sourceTree = "<group>"; };
		B6E7E5411BE7F4C900BD367B /* RoundedImageView.swift */ = {isa = PBXFileReference; fileEncoding = 4; lastKnownFileType = sourcecode.swift; path = RoundedImageView.swift; sourceTree = "<group>"; };
/* End PBXFileReference section */

/* Begin PBXFrameworksBuildPhase section */
		B6E7E5081BE7E74100BD367B /* Frameworks */ = {
			isa = PBXFrameworksBuildPhase;
			buildActionMask = 2147483647;
			files = (
			);
			runOnlyForDeploymentPostprocessing = 0;
		};
		B6E7E51C1BE7E74100BD367B /* Frameworks */ = {
			isa = PBXFrameworksBuildPhase;
			buildActionMask = 2147483647;
			files = (
			);
			runOnlyForDeploymentPostprocessing = 0;
		};
		B6E7E5271BE7E74100BD367B /* Frameworks */ = {
			isa = PBXFrameworksBuildPhase;
			buildActionMask = 2147483647;
			files = (
			);
			runOnlyForDeploymentPostprocessing = 0;
		};
/* End PBXFrameworksBuildPhase section */

/* Begin PBXGroup section */
		B6E7E5021BE7E74100BD367B = {
			isa = PBXGroup;
			children = (
				B6E7E50D1BE7E74100BD367B /* Kindling */,
				B6E7E5221BE7E74100BD367B /* KindlingTests */,
				B6E7E52D1BE7E74100BD367B /* KindlingUITests */,
				B6E7E50C1BE7E74100BD367B /* Products */,
			);
			sourceTree = "<group>";
		};
		B6E7E50C1BE7E74100BD367B /* Products */ = {
			isa = PBXGroup;
			children = (
				B6E7E50B1BE7E74100BD367B /* Kindling.app */,
				B6E7E51F1BE7E74100BD367B /* KindlingTests.xctest */,
				B6E7E52A1BE7E74100BD367B /* KindlingUITests.xctest */,
			);
			name = Products;
			sourceTree = "<group>";
		};
		B6E7E50D1BE7E74100BD367B /* Kindling */ = {
			isa = PBXGroup;
			children = (
				B6E7E5431BE7F4F700BD367B /* AppDelegate */,
				B6E7E5441BE7F50100BD367B /* Storyboards */,
				B6E7E5451BE7F51E00BD367B /* Views */,
				B6E7E53C1BE7E8AF00BD367B /* ViewControllers */,
				B6E7E5151BE7E74100BD367B /* Assets.xcassets */,
				B6E7E51A1BE7E74100BD367B /* Info.plist */,
			);
			path = Kindling;
			sourceTree = "<group>";
		};
		B6E7E5221BE7E74100BD367B /* KindlingTests */ = {
			isa = PBXGroup;
			children = (
				B6E7E5231BE7E74100BD367B /* KindlingTests.swift */,
				B6E7E5251BE7E74100BD367B /* Info.plist */,
			);
			path = KindlingTests;
			sourceTree = "<group>";
		};
		B6E7E52D1BE7E74100BD367B /* KindlingUITests */ = {
			isa = PBXGroup;
			children = (
				B6E7E52E1BE7E74100BD367B /* KindlingUITests.swift */,
				B6E7E5301BE7E74100BD367B /* Info.plist */,
			);
			path = KindlingUITests;
			sourceTree = "<group>";
		};
		B6E7E53C1BE7E8AF00BD367B /* ViewControllers */ = {
			isa = PBXGroup;
			children = (
				B6E7E53D1BE7E8EA00BD367B /* RootPresentationViewController.swift */,
				B6E7E53F1BE7EBA200BD367B /* CardViewController.swift */,
			);
			name = ViewControllers;
			sourceTree = "<group>";
		};
		B6E7E5431BE7F4F700BD367B /* AppDelegate */ = {
			isa = PBXGroup;
			children = (
				B6E7E50E1BE7E74100BD367B /* AppDelegate.swift */,
			);
			name = AppDelegate;
			sourceTree = "<group>";
		};
		B6E7E5441BE7F50100BD367B /* Storyboards */ = {
			isa = PBXGroup;
			children = (
				B6E7E5171BE7E74100BD367B /* LaunchScreen.storyboard */,
				B6E7E5121BE7E74100BD367B /* Main.storyboard */,
			);
			name = Storyboards;
			sourceTree = "<group>";
		};
		B6E7E5451BE7F51E00BD367B /* Views */ = {
			isa = PBXGroup;
			children = (
				B6E7E5411BE7F4C900BD367B /* RoundedImageView.swift */,
			);
			name = Views;
			sourceTree = "<group>";
		};
/* End PBXGroup section */

/* Begin PBXNativeTarget section */
		B6E7E50A1BE7E74100BD367B /* Kindling */ = {
			isa = PBXNativeTarget;
			buildConfigurationList = B6E7E5331BE7E74100BD367B /* Build configuration list for PBXNativeTarget "Kindling" */;
			buildPhases = (
				B6E7E5071BE7E74100BD367B /* Sources */,
				B6E7E5081BE7E74100BD367B /* Frameworks */,
				B6E7E5091BE7E74100BD367B /* Resources */,
			);
			buildRules = (
			);
			dependencies = (
			);
			name = Kindling;
			productName = Kindling;
			productReference = B6E7E50B1BE7E74100BD367B /* Kindling.app */;
			productType = "com.apple.product-type.application";
		};
		B6E7E51E1BE7E74100BD367B /* KindlingTests */ = {
			isa = PBXNativeTarget;
			buildConfigurationList = B6E7E5361BE7E74100BD367B /* Build configuration list for PBXNativeTarget "KindlingTests" */;
			buildPhases = (
				B6E7E51B1BE7E74100BD367B /* Sources */,
				B6E7E51C1BE7E74100BD367B /* Frameworks */,
				B6E7E51D1BE7E74100BD367B /* Resources */,
			);
			buildRules = (
			);
			dependencies = (
				B6E7E5211BE7E74100BD367B /* PBXTargetDependency */,
			);
			name = KindlingTests;
			productName = KindlingTests;
			productReference = B6E7E51F1BE7E74100BD367B /* KindlingTests.xctest */;
			productType = "com.apple.product-type.bundle.unit-test";
		};
		B6E7E5291BE7E74100BD367B /* KindlingUITests */ = {
			isa = PBXNativeTarget;
			buildConfigurationList = B6E7E5391BE7E74100BD367B /* Build configuration list for PBXNativeTarget "KindlingUITests" */;
			buildPhases = (
				B6E7E5261BE7E74100BD367B /* Sources */,
				B6E7E5271BE7E74100BD367B /* Frameworks */,
				B6E7E5281BE7E74100BD367B /* Resources */,
			);
			buildRules = (
			);
			dependencies = (
				B6E7E52C1BE7E74100BD367B /* PBXTargetDependency */,
			);
			name = KindlingUITests;
			productName = KindlingUITests;
			productReference = B6E7E52A1BE7E74100BD367B /* KindlingUITests.xctest */;
			productType = "com.apple.product-type.bundle.ui-testing";
		};
/* End PBXNativeTarget section */

/* Begin PBXProject section */
		B6E7E5031BE7E74100BD367B /* Project object */ = {
			isa = PBXProject;
			attributes = {
				LastUpgradeCheck = 0700;
				ORGANIZATIONNAME = HConnery;
				TargetAttributes = {
					B6E7E50A1BE7E74100BD367B = {
						CreatedOnToolsVersion = 7.0.1;
					};
					B6E7E51E1BE7E74100BD367B = {
						CreatedOnToolsVersion = 7.0.1;
						TestTargetID = B6E7E50A1BE7E74100BD367B;
					};
					B6E7E5291BE7E74100BD367B = {
						CreatedOnToolsVersion = 7.0.1;
						TestTargetID = B6E7E50A1BE7E74100BD367B;
					};
				};
			};
			buildConfigurationList = B6E7E5061BE7E74100BD367B /* Build configuration list for PBXProject "Kindling" */;
			compatibilityVersion = "Xcode 3.2";
			developmentRegion = English;
			hasScannedForEncodings = 0;
			knownRegions = (
				en,
				Base,
			);
			mainGroup = B6E7E5021BE7E74100BD367B;
			productRefGroup = B6E7E50C1BE7E74100BD367B /* Products */;
			projectDirPath = "";
			projectRoot = "";
			targets = (
				B6E7E50A1BE7E74100BD367B /* Kindling */,
				B6E7E51E1BE7E74100BD367B /* KindlingTests */,
				B6E7E5291BE7E74100BD367B /* KindlingUITests */,
			);
		};
/* End PBXProject section */

/* Begin PBXResourcesBuildPhase section */
		B6E7E5091BE7E74100BD367B /* Resources */ = {
			isa = PBXResourcesBuildPhase;
			buildActionMask = 2147483647;
			files = (
				B6E7E5191BE7E74100BD367B /* LaunchScreen.storyboard in Resources */,
				B6E7E5161BE7E74100BD367B /* Assets.xcassets in Resources */,
				B6E7E5141BE7E74100BD367B /* Main.storyboard in Resources */,
			);
			runOnlyForDeploymentPostprocessing = 0;
		};
		B6E7E51D1BE7E74100BD367B /* Resources */ = {
			isa = PBXResourcesBuildPhase;
			buildActionMask = 2147483647;
			files = (
			);
			runOnlyForDeploymentPostprocessing = 0;
		};
		B6E7E5281BE7E74100BD367B /* Resources */ = {
			isa = PBXResourcesBuildPhase;
			buildActionMask = 2147483647;
			files = (
			);
			runOnlyForDeploymentPostprocessing = 0;
		};
/* End PBXResourcesBuildPhase section */

/* Begin PBXSourcesBuildPhase section */
		B6E7E5071BE7E74100BD367B /* Sources */ = {
			isa = PBXSourcesBuildPhase;
			buildActionMask = 2147483647;
			files = (
				B6E7E5421BE7F4C900BD367B /* RoundedImageView.swift in Sources */,
				B6E7E53E1BE7E8EA00BD367B /* RootPresentationViewController.swift in Sources */,
				B6E7E50F1BE7E74100BD367B /* AppDelegate.swift in Sources */,
				B6E7E5401BE7EBA200BD367B /* CardViewController.swift in Sources */,
			);
			runOnlyForDeploymentPostprocessing = 0;
		};
		B6E7E51B1BE7E74100BD367B /* Sources */ = {
			isa = PBXSourcesBuildPhase;
			buildActionMask = 2147483647;
			files = (
				B6E7E5241BE7E74100BD367B /* KindlingTests.swift in Sources */,
			);
			runOnlyForDeploymentPostprocessing = 0;
		};
		B6E7E5261BE7E74100BD367B /* Sources */ = {
			isa = PBXSourcesBuildPhase;
			buildActionMask = 2147483647;
			files = (
				B6E7E52F1BE7E74100BD367B /* KindlingUITests.swift in Sources */,
			);
			runOnlyForDeploymentPostprocessing = 0;
		};
/* End PBXSourcesBuildPhase section */

/* Begin PBXTargetDependency section */
		B6E7E5211BE7E74100BD367B /* PBXTargetDependency */ = {
			isa = PBXTargetDependency;
			target = B6E7E50A1BE7E74100BD367B /* Kindling */;
			targetProxy = B6E7E5201BE7E74100BD367B /* PBXContainerItemProxy */;
		};
		B6E7E52C1BE7E74100BD367B /* PBXTargetDependency */ = {
			isa = PBXTargetDependency;
			target = B6E7E50A1BE7E74100BD367B /* Kindling */;
			targetProxy = B6E7E52B1BE7E74100BD367B /* PBXContainerItemProxy */;
		};
/* End PBXTargetDependency section */

/* Begin PBXVariantGroup section */
		B6E7E5121BE7E74100BD367B /* Main.storyboard */ = {
			isa = PBXVariantGroup;
			children = (
				B6E7E5131BE7E74100BD367B /* Base */,
			);
			name = Main.storyboard;
			sourceTree = "<group>";
		};
		B6E7E5171BE7E74100BD367B /* LaunchScreen.storyboard */ = {
			isa = PBXVariantGroup;
			children = (
				B6E7E5181BE7E74100BD367B /* Base */,
			);
			name = LaunchScreen.storyboard;
			sourceTree = "<group>";
		};
/* End PBXVariantGroup section */

/* Begin XCBuildConfiguration section */
		B6E7E5311BE7E74100BD367B /* Debug */ = {
			isa = XCBuildConfiguration;
			buildSettings = {
				ALWAYS_SEARCH_USER_PATHS = NO;
				CLANG_CXX_LANGUAGE_STANDARD = "gnu++0x";
				CLANG_CXX_LIBRARY = "libc++";
				CLANG_ENABLE_MODULES = YES;
				CLANG_ENABLE_OBJC_ARC = YES;
				CLANG_WARN_BOOL_CONVERSION = YES;
				CLANG_WARN_CONSTANT_CONVERSION = YES;
				CLANG_WARN_DIRECT_OBJC_ISA_USAGE = YES_ERROR;
				CLANG_WARN_EMPTY_BODY = YES;
				CLANG_WARN_ENUM_CONVERSION = YES;
				CLANG_WARN_INT_CONVERSION = YES;
				CLANG_WARN_OBJC_ROOT_CLASS = YES_ERROR;
				CLANG_WARN_UNREACHABLE_CODE = YES;
				CLANG_WARN__DUPLICATE_METHOD_MATCH = YES;
				"CODE_SIGN_IDENTITY[sdk=iphoneos*]" = "iPhone Developer";
				COPY_PHASE_STRIP = NO;
				DEBUG_INFORMATION_FORMAT = dwarf;
				ENABLE_STRICT_OBJC_MSGSEND = YES;
				ENABLE_TESTABILITY = YES;
				GCC_C_LANGUAGE_STANDARD = gnu99;
				GCC_DYNAMIC_NO_PIC = NO;
				GCC_NO_COMMON_BLOCKS = YES;
				GCC_OPTIMIZATION_LEVEL = 0;
				GCC_PREPROCESSOR_DEFINITIONS = (
					"DEBUG=1",
					"$(inherited)",
				);
				GCC_WARN_64_TO_32_BIT_CONVERSION = YES;
				GCC_WARN_ABOUT_RETURN_TYPE = YES_ERROR;
				GCC_WARN_UNDECLARED_SELECTOR = YES;
				GCC_WARN_UNINITIALIZED_AUTOS = YES_AGGRESSIVE;
				GCC_WARN_UNUSED_FUNCTION = YES;
				GCC_WARN_UNUSED_VARIABLE = YES;
				IPHONEOS_DEPLOYMENT_TARGET = 9.0;
				MTL_ENABLE_DEBUG_INFO = YES;
				ONLY_ACTIVE_ARCH = YES;
				SDKROOT = iphoneos;
				SWIFT_OPTIMIZATION_LEVEL = "-Onone";
				TARGETED_DEVICE_FAMILY = "1,2";
			};
			name = Debug;
		};
		B6E7E5321BE7E74100BD367B /* Release */ = {
			isa = XCBuildConfiguration;
			buildSettings = {
				ALWAYS_SEARCH_USER_PATHS = NO;
				CLANG_CXX_LANGUAGE_STANDARD = "gnu++0x";
				CLANG_CXX_LIBRARY = "libc++";
				CLANG_ENABLE_MODULES = YES;
				CLANG_ENABLE_OBJC_ARC = YES;
				CLANG_WARN_BOOL_CONVERSION = YES;
				CLANG_WARN_CONSTANT_CONVERSION = YES;
				CLANG_WARN_DIRECT_OBJC_ISA_USAGE = YES_ERROR;
				CLANG_WARN_EMPTY_BODY = YES;
				CLANG_WARN_ENUM_CONVERSION = YES;
				CLANG_WARN_INT_CONVERSION = YES;
				CLANG_WARN_OBJC_ROOT_CLASS = YES_ERROR;
				CLANG_WARN_UNREACHABLE_CODE = YES;
				CLANG_WARN__DUPLICATE_METHOD_MATCH = YES;
				"CODE_SIGN_IDENTITY[sdk=iphoneos*]" = "iPhone Developer";
				COPY_PHASE_STRIP = NO;
				DEBUG_INFORMATION_FORMAT = "dwarf-with-dsym";
				ENABLE_NS_ASSERTIONS = NO;
				ENABLE_STRICT_OBJC_MSGSEND = YES;
				GCC_C_LANGUAGE_STANDARD = gnu99;
				GCC_NO_COMMON_BLOCKS = YES;
				GCC_WARN_64_TO_32_BIT_CONVERSION = YES;
				GCC_WARN_ABOUT_RETURN_TYPE = YES_ERROR;
				GCC_WARN_UNDECLARED_SELECTOR = YES;
				GCC_WARN_UNINITIALIZED_AUTOS = YES_AGGRESSIVE;
				GCC_WARN_UNUSED_FUNCTION = YES;
				GCC_WARN_UNUSED_VARIABLE = YES;
				IPHONEOS_DEPLOYMENT_TARGET = 9.0;
				MTL_ENABLE_DEBUG_INFO = NO;
				SDKROOT = iphoneos;
				TARGETED_DEVICE_FAMILY = "1,2";
				VALIDATE_PRODUCT = YES;
			};
			name = Release;
		};
		B6E7E5341BE7E74100BD367B /* Debug */ = {
			isa = XCBuildConfiguration;
			buildSettings = {
				ASSETCATALOG_COMPILER_APPICON_NAME = AppIcon;
				INFOPLIST_FILE = Kindling/Info.plist;
				LD_RUNPATH_SEARCH_PATHS = "$(inherited) @executable_path/Frameworks";
				PRODUCT_BUNDLE_IDENTIFIER = com.hconnery.Kindling;
				PRODUCT_NAME = "$(TARGET_NAME)";
			};
			name = Debug;
		};
		B6E7E5351BE7E74100BD367B /* Release */ = {
			isa = XCBuildConfiguration;
			buildSettings = {
				ASSETCATALOG_COMPILER_APPICON_NAME = AppIcon;
				INFOPLIST_FILE = Kindling/Info.plist;
				LD_RUNPATH_SEARCH_PATHS = "$(inherited) @executable_path/Frameworks";
				PRODUCT_BUNDLE_IDENTIFIER = com.hconnery.Kindling;
				PRODUCT_NAME = "$(TARGET_NAME)";
			};
			name = Release;
		};
		B6E7E5371BE7E74100BD367B /* Debug */ = {
			isa = XCBuildConfiguration;
			buildSettings = {
				BUNDLE_LOADER = "$(TEST_HOST)";
				INFOPLIST_FILE = KindlingTests/Info.plist;
				LD_RUNPATH_SEARCH_PATHS = "$(inherited) @executable_path/Frameworks @loader_path/Frameworks";
				PRODUCT_BUNDLE_IDENTIFIER = com.hconnery.KindlingTests;
				PRODUCT_NAME = "$(TARGET_NAME)";
				TEST_HOST = "$(BUILT_PRODUCTS_DIR)/Kindling.app/Kindling";
			};
			name = Debug;
		};
		B6E7E5381BE7E74100BD367B /* Release */ = {
			isa = XCBuildConfiguration;
			buildSettings = {
				BUNDLE_LOADER = "$(TEST_HOST)";
				INFOPLIST_FILE = KindlingTests/Info.plist;
				LD_RUNPATH_SEARCH_PATHS = "$(inherited) @executable_path/Frameworks @loader_path/Frameworks";
				PRODUCT_BUNDLE_IDENTIFIER = com.hconnery.KindlingTests;
				PRODUCT_NAME = "$(TARGET_NAME)";
				TEST_HOST = "$(BUILT_PRODUCTS_DIR)/Kindling.app/Kindling";
			};
			name = Release;
		};
		B6E7E53A1BE7E74100BD367B /* Debug */ = {
			isa = XCBuildConfiguration;
			buildSettings = {
				INFOPLIST_FILE = KindlingUITests/Info.plist;
				LD_RUNPATH_SEARCH_PATHS = "$(inherited) @executable_path/Frameworks @loader_path/Frameworks";
				PRODUCT_BUNDLE_IDENTIFIER = com.hconnery.KindlingUITests;
				PRODUCT_NAME = "$(TARGET_NAME)";
				TEST_TARGET_NAME = Kindling;
				USES_XCTRUNNER = YES;
			};
			name = Debug;
		};
		B6E7E53B1BE7E74100BD367B /* Release */ = {
			isa = XCBuildConfiguration;
			buildSettings = {
				INFOPLIST_FILE = KindlingUITests/Info.plist;
				LD_RUNPATH_SEARCH_PATHS = "$(inherited) @executable_path/Frameworks @loader_path/Frameworks";
				PRODUCT_BUNDLE_IDENTIFIER = com.hconnery.KindlingUITests;
				PRODUCT_NAME = "$(TARGET_NAME)";
				TEST_TARGET_NAME = Kindling;
				USES_XCTRUNNER = YES;
			};
			name = Release;
		};
/* End XCBuildConfiguration section */

/* Begin XCConfigurationList section */
		B6E7E5061BE7E74100BD367B /* Build configuration list for PBXProject "Kindling" */ = {
			isa = XCConfigurationList;
			buildConfigurations = (
				B6E7E5311BE7E74100BD367B /* Debug */,
				B6E7E5321BE7E74100BD367B /* Release */,
			);
			defaultConfigurationIsVisible = 0;
			defaultConfigurationName = Release;
		};
		B6E7E5331BE7E74100BD367B /* Build configuration list for PBXNativeTarget "Kindling" */ = {
			isa = XCConfigurationList;
			buildConfigurations = (
				B6E7E5341BE7E74100BD367B /* Debug */,
				B6E7E5351BE7E74100BD367B /* Release */,
			);
			defaultConfigurationIsVisible = 0;
		};
		B6E7E5361BE7E74100BD367B /* Build configuration list for PBXNativeTarget "KindlingTests" */ = {
			isa = XCConfigurationList;
			buildConfigurations = (
				B6E7E5371BE7E74100BD367B /* Debug */,
				B6E7E5381BE7E74100BD367B /* Release */,
			);
			defaultConfigurationIsVisible = 0;
		};
		B6E7E5391BE7E74100BD367B /* Build configuration list for PBXNativeTarget "KindlingUITests" */ = {
			isa = XCConfigurationList;
			buildConfigurations = (
				B6E7E53A1BE7E74100BD367B /* Debug */,
				B6E7E53B1BE7E74100BD367B /* Release */,
			);
			defaultConfigurationIsVisible = 0;
		};
/* End XCConfigurationList section */
	};
	rootObject = B6E7E5031BE7E74100BD367B /* Project object */;
}
